dependencies:
- name: ingress-nginx
  repository: https://kubernetes.github.io/ingress-nginx
  version: 4.0.18
- name: wiki
  repository: https://charts.js.wiki
  version: 2.2.13
- name: redis
  repository: https://charts.bitnami.com/bitnami
  version: 16.6.0
- name: descheduler
  repository: https://kubernetes-sigs.github.io/descheduler/
  version: 0.23.2
- name: keel
  repository: https://charts.keel.sh
  version: 0.9.10
digest: sha256:3ec444d3aeb0d111efadb32e303ef68dbde5df8e25ef253a62036669d5b5441b
generated: "2022-08-03T07:30:51.865033-07:00"
