dependencies:
- name: ingress-nginx
  repository: https://kubernetes.github.io/ingress-nginx
  version: 4.0.18
- name: wiki
  repository: https://charts.js.wiki
  version: 2.2.13
digest: sha256:07b1a4a9d61c314591780c71729f6db3896a7fd795af48c6b1a702ee5baea806
generated: "2022-03-24T10:04:50.74218-07:00"
