dependencies:
- name: ingress-nginx
  repository: https://kubernetes.github.io/ingress-nginx
  version: 4.0.18
- name: wiki
  repository: https://charts.js.wiki
  version: 2.2.13
- name: redis
  repository: https://charts.bitnami.com/bitnami
  version: 16.6.0
digest: sha256:bd5618388e2688215378e6089661251d7429d6ac46251f641e692571e4b9f135
generated: "2022-03-25T15:21:28.356616-07:00"
